
Microsoft Visual Studio Solution File, Format Version 12.00
Project("{FAE04EC0-301F-11D3-BF4B-00C04F79EFBC}") = "Chess.Engine", "Chess.Engine\Chess.Engine.csproj", "{6AE447BF-58C1-4ADF-A659-7CA17F8724BF}"
EndProject
Project("{FAE04EC0-301F-11D3-BF4B-00C04F79EFBC}") = "Chess.Engine.Test", "Chess.Engine.Test\Chess.Engine.Test.csproj", "{1601F717-8495-4026-8D2F-7EC84878B8EF}"
EndProject
Project("{2150E333-8FDC-42A3-9474-1A3956D46DE8}") = "1 DB", "1 DB", "{25D539B1-AE60-4567-926C-77AF0F3C4298}"
EndProject
Project("{2150E333-8FDC-42A3-9474-1A3956D46DE8}") = "2 Service", "2 Service", "{41E87EB7-43C6-4481-8721-808C063B0305}"
EndProject
Project("{2150E333-8FDC-42A3-9474-1A3956D46DE8}") = "3 Api", "3 Api", "{462E0F1D-BBED-4C7D-8ED3-7C748027744C}"
EndProject
Project("{FAE04EC0-301F-11D3-BF4B-00C04F79EFBC}") = "Chess.Api", "Chess.Api\Chess.Api.csproj", "{A6C87944-8BF9-4492-9CB2-8E5F2A222B72}"
EndProject
Project("{FAE04EC0-301F-11D3-BF4B-00C04F79EFBC}") = "Chess.Db", "Chess.Db\Chess.Db.csproj", "{54D99D5F-DDB8-4107-8C3D-B5BD045154EC}"
EndProject
Project("{2150E333-8FDC-42A3-9474-1A3956D46DE8}") = "0 Share", "0 Share", "{1B4DEC8C-A5E0-44C9-B665-CB9254F2B051}"
EndProject
Project("{FAE04EC0-301F-11D3-BF4B-00C04F79EFBC}") = "Chess.Share", "Chess.Share\Chess.Share.csproj", "{13403593-26AA-45F5-8BE1-A8AC4DF3E14B}"
EndProject
Project("{FAE04EC0-301F-11D3-BF4B-00C04F79EFBC}") = "Chess.Api.Tests", "Chess.Api.Tests\Chess.Api.Tests.csproj", "{EF63F299-0513-48E3-A2BA-55C74CE1E350}"
EndProject
Global
	GlobalSection(SolutionConfigurationPlatforms) = preSolution
		Debug|Any CPU = Debug|Any CPU
		Release|Any CPU = Release|Any CPU
	EndGlobalSection
	GlobalSection(ProjectConfigurationPlatforms) = postSolution
		{6AE447BF-58C1-4ADF-A659-7CA17F8724BF}.Debug|Any CPU.ActiveCfg = Debug|Any CPU
		{6AE447BF-58C1-4ADF-A659-7CA17F8724BF}.Debug|Any CPU.Build.0 = Debug|Any CPU
		{6AE447BF-58C1-4ADF-A659-7CA17F8724BF}.Release|Any CPU.ActiveCfg = Release|Any CPU
		{6AE447BF-58C1-4ADF-A659-7CA17F8724BF}.Release|Any CPU.Build.0 = Release|Any CPU
		{1601F717-8495-4026-8D2F-7EC84878B8EF}.Debug|Any CPU.ActiveCfg = Debug|Any CPU
		{1601F717-8495-4026-8D2F-7EC84878B8EF}.Debug|Any CPU.Build.0 = Debug|Any CPU
		{1601F717-8495-4026-8D2F-7EC84878B8EF}.Release|Any CPU.ActiveCfg = Release|Any CPU
		{1601F717-8495-4026-8D2F-7EC84878B8EF}.Release|Any CPU.Build.0 = Release|Any CPU
		{A6C87944-8BF9-4492-9CB2-8E5F2A222B72}.Debug|Any CPU.ActiveCfg = Debug|Any CPU
		{A6C87944-8BF9-4492-9CB2-8E5F2A222B72}.Debug|Any CPU.Build.0 = Debug|Any CPU
		{A6C87944-8BF9-4492-9CB2-8E5F2A222B72}.Release|Any CPU.ActiveCfg = Release|Any CPU
		{A6C87944-8BF9-4492-9CB2-8E5F2A222B72}.Release|Any CPU.Build.0 = Release|Any CPU
		{54D99D5F-DDB8-4107-8C3D-B5BD045154EC}.Debug|Any CPU.ActiveCfg = Debug|Any CPU
		{54D99D5F-DDB8-4107-8C3D-B5BD045154EC}.Debug|Any CPU.Build.0 = Debug|Any CPU
		{54D99D5F-DDB8-4107-8C3D-B5BD045154EC}.Release|Any CPU.ActiveCfg = Release|Any CPU
		{54D99D5F-DDB8-4107-8C3D-B5BD045154EC}.Release|Any CPU.Build.0 = Release|Any CPU
		{13403593-26AA-45F5-8BE1-A8AC4DF3E14B}.Debug|Any CPU.ActiveCfg = Debug|Any CPU
		{13403593-26AA-45F5-8BE1-A8AC4DF3E14B}.Debug|Any CPU.Build.0 = Debug|Any CPU
		{13403593-26AA-45F5-8BE1-A8AC4DF3E14B}.Release|Any CPU.ActiveCfg = Release|Any CPU
		{13403593-26AA-45F5-8BE1-A8AC4DF3E14B}.Release|Any CPU.Build.0 = Release|Any CPU
		{EF63F299-0513-48E3-A2BA-55C74CE1E350}.Debug|Any CPU.ActiveCfg = Debug|Any CPU
		{EF63F299-0513-48E3-A2BA-55C74CE1E350}.Debug|Any CPU.Build.0 = Debug|Any CPU
		{EF63F299-0513-48E3-A2BA-55C74CE1E350}.Release|Any CPU.ActiveCfg = Release|Any CPU
		{EF63F299-0513-48E3-A2BA-55C74CE1E350}.Release|Any CPU.Build.0 = Release|Any CPU
	EndGlobalSection
	GlobalSection(NestedProjects) = preSolution
		{6AE447BF-58C1-4ADF-A659-7CA17F8724BF} = {41E87EB7-43C6-4481-8721-808C063B0305}
		{1601F717-8495-4026-8D2F-7EC84878B8EF} = {41E87EB7-43C6-4481-8721-808C063B0305}
		{A6C87944-8BF9-4492-9CB2-8E5F2A222B72} = {462E0F1D-BBED-4C7D-8ED3-7C748027744C}
		{54D99D5F-DDB8-4107-8C3D-B5BD045154EC} = {25D539B1-AE60-4567-926C-77AF0F3C4298}
		{13403593-26AA-45F5-8BE1-A8AC4DF3E14B} = {1B4DEC8C-A5E0-44C9-B665-CB9254F2B051}
		{EF63F299-0513-48E3-A2BA-55C74CE1E350} = {462E0F1D-BBED-4C7D-8ED3-7C748027744C}
	EndGlobalSection
EndGlobal
